<?xml version="1.0" encoding="utf-8"?>
<Project ToolsVersion="4.0" xmlns="http://schemas.microsoft.com/developer/msbuild/2003">
  <ItemGroup>
    <Filter Include="Quelldateien">
      <UniqueIdentifier>{4FC737F1-C7A5-4376-A066-2A32D752A2FF}</UniqueIdentifier>
      <Extensions>cpp;c;cc;cxx;def;odl;idl;hpj;bat;asm;asmx</Extensions>
    </Filter>
    <Filter Include="Headerdateien">
      <UniqueIdentifier>{93995380-89BD-4b04-88EB-625FBE52EBFB}</UniqueIdentifier>
      <Extensions>h;hh;hpp;hxx;hm;inl;inc;ipp;xsd</Extensions>
    </Filter>
    <Filter Include="Ressourcendateien">
      <UniqueIdentifier>{67DA6AB6-F800-4c08-8B7A-83BB121AAD01}</UniqueIdentifier>
      <Extensions>rc;ico;cur;bmp;dlg;rc2;rct;bin;rgs;gif;jpg;jpeg;jpe;resx;tiff;tif;png;wav;mfcribbon-ms</Extensions>
    </Filter>
    <Filter Include="Shader">
      <UniqueIdentifier>{2b8872fe-a9e2-434a-8042-9c043af37769}</UniqueIdentifier>
    </Filter>
  </ItemGroup>
  <ItemGroup>
    <ClCompile Include="main.cpp">
      <Filter>Quelldateien</Filter>
    </ClCompile>
    <ClCompile Include="vendor\stb_image\stb_image.cpp">
      <Filter>Quelldateien</Filter>
    </ClCompile>
    <ClCompile Include="vendor\imgui\imgui.cpp">
      <Filter>Quelldateien</Filter>
    </ClCompile>
    <ClCompile Include="vendor\imgui\imgui_demo.cpp">
      <Filter>Quelldateien</Filter>
    </ClCompile>
    <ClCompile Include="vendor\imgui\imgui_draw.cpp">
      <Filter>Quelldateien</Filter>
    </ClCompile>
    <ClCompile Include="vendor\imgui\imgui_impl_glfw.cpp">
      <Filter>Quelldateien</Filter>
    </ClCompile>
    <ClCompile Include="vendor\imgui\imgui_impl_opengl3.cpp">
      <Filter>Quelldateien</Filter>
    </ClCompile>
    <ClCompile Include="vendor\imgui\imgui_tables.cpp">
      <Filter>Quelldateien</Filter>
    </ClCompile>
    <ClCompile Include="vendor\imgui\imgui_widgets.cpp">
      <Filter>Quelldateien</Filter>
    </ClCompile>
    <ClCompile Include="2DGame\GameRenderer.cpp">
      <Filter>Quelldateien</Filter>
    </ClCompile>
    <ClCompile Include="Raytracer\RaytracerRenderer.cpp">
      <Filter>Quelldateien</Filter>
    </ClCompile>
    <ClCompile Include="Face.ixx" />
    <ClCompile Include="Plane.ixx" />
    <ClCompile Include="MeshSimplification\Billboard.ixx" />
    <ClCompile Include="MeshSimplification\BillboardCloud.ixx">
      <Filter>Headerdateien</Filter>
    </ClCompile>
    <ClCompile Include="SkinnedAnimation\Application.ixx">
      <Filter>Headerdateien</Filter>
    </ClCompile>
    <ClCompile Include="MeshSimplification\BillboardGenerator.ixx">
      <Filter>Headerdateien</Filter>
    </ClCompile>
    <ClCompile Include="MeshSimplification\BillboardRenderer.ixx">
      <Filter>Headerdateien</Filter>
    </ClCompile>
    <ClCompile Include="Camera.ixx">
      <Filter>Headerdateien</Filter>
    </ClCompile>
    <ClCompile Include="2DGame\Game.ixx">
      <Filter>Headerdateien</Filter>
    </ClCompile>
    <ClCompile Include="GameInterface.ixx">
      <Filter>Headerdateien</Filter>
    </ClCompile>
    <ClCompile Include="GameObject.ixx">
      <Filter>Headerdateien</Filter>
    </ClCompile>
    <ClCompile Include="2DGame\GameRenderer.ixx">
      <Filter>Headerdateien</Filter>
    </ClCompile>
    <ClCompile Include="MeshSimplification\IBillboardGenerator.ixx">
      <Filter>Headerdateien</Filter>
    </ClCompile>
    <ClCompile Include="IComponent.ixx">
      <Filter>Headerdateien</Filter>
    </ClCompile>
    <ClCompile Include="IGameObject.ixx">
      <Filter>Headerdateien</Filter>
    </ClCompile>
    <ClCompile Include="IMaterial.ixx">
      <Filter>Headerdateien</Filter>
    </ClCompile>
    <ClCompile Include="IMesh.ixx">
      <Filter>Headerdateien</Filter>
    </ClCompile>
    <ClCompile Include="InputSystem.ixx">
      <Filter>Headerdateien</Filter>
    </ClCompile>
    <ClCompile Include="MeshSimplification\IPlaneSelector.ixx">
      <Filter>Headerdateien</Filter>
    </ClCompile>
    <ClCompile Include="IRenderer.ixx">
      <Filter>Headerdateien</Filter>
    </ClCompile>
    <ClCompile Include="SkinnedAnimation\Joint.ixx">
      <Filter>Headerdateien</Filter>
    </ClCompile>
    <ClCompile Include="KeyboardObserver.ixx">
      <Filter>Headerdateien</Filter>
    </ClCompile>
    <ClCompile Include="MeshSimplification\PlaneSelector.ixx">
      <Filter>Headerdateien</Filter>
    </ClCompile>
    <ClCompile Include="Quad.ixx">
      <Filter>Headerdateien</Filter>
    </ClCompile>
    <ClCompile Include="Raytracer\Raytracer.ixx">
      <Filter>Headerdateien</Filter>
    </ClCompile>
    <ClCompile Include="Raytracer\RaytracerRenderer.ixx">
      <Filter>Headerdateien</Filter>
    </ClCompile>
    <ClCompile Include="SkinnedAnimation\Renderer.ixx">
      <Filter>Headerdateien</Filter>
    </ClCompile>
    <ClCompile Include="RendererComponent.ixx">
      <Filter>Headerdateien</Filter>
    </ClCompile>
    <ClCompile Include="ShaderUtil.ixx">
      <Filter>Headerdateien</Filter>
    </ClCompile>
    <ClCompile Include="SkinnedAnimation\Skeleton.ixx">
      <Filter>Headerdateien</Filter>
    </ClCompile>
    <ClCompile Include="SkinnedAnimation\Mesh.ixx">
      <Filter>Headerdateien</Filter>
    </ClCompile>
    <ClCompile Include="TransformComponent.ixx">
      <Filter>Headerdateien</Filter>
    </ClCompile>
    <ClCompile Include="Model.ixx" />
  </ItemGroup>
  <ItemGroup>
    <ClInclude Include="vendor\stb_image\stb_image.h">
      <Filter>Headerdateien</Filter>
    </ClInclude>
    <ClInclude Include="vendor\imgui\imconfig.h">
      <Filter>Headerdateien</Filter>
    </ClInclude>
    <ClInclude Include="vendor\imgui\imgui.h">
      <Filter>Headerdateien</Filter>
    </ClInclude>
    <ClInclude Include="vendor\imgui\imgui_impl_glfw.h">
      <Filter>Headerdateien</Filter>
    </ClInclude>
    <ClInclude Include="vendor\imgui\imgui_impl_opengl3.h">
      <Filter>Headerdateien</Filter>
    </ClInclude>
    <ClInclude Include="vendor\imgui\imgui_impl_opengl3_loader.h">
      <Filter>Headerdateien</Filter>
    </ClInclude>
    <ClInclude Include="vendor\imgui\imgui_internal.h">
      <Filter>Headerdateien</Filter>
    </ClInclude>
    <ClInclude Include="vendor\imgui\imstb_rectpack.h">
      <Filter>Headerdateien</Filter>
    </ClInclude>
    <ClInclude Include="vendor\imgui\imstb_textedit.h">
      <Filter>Headerdateien</Filter>
    </ClInclude>
    <ClInclude Include="vendor\imgui\imstb_truetype.h">
      <Filter>Headerdateien</Filter>
    </ClInclude>
  </ItemGroup>
  <ItemGroup>
    <CopyFileToFolders Include="shaders\VColor.glsl">
      <Filter>Shader</Filter>
    </CopyFileToFolders>
    <CopyFileToFolders Include="shaders\FColor.glsl">
      <Filter>Shader</Filter>
    </CopyFileToFolders>
  </ItemGroup>
  <ItemGroup>
    <None Include="shaders\VEyeTransp.glsl">
      <Filter>Shader</Filter>
    </None>
    <None Include="shaders\FEyeTransp.glsl">
      <Filter>Shader</Filter>
    </None>
    <None Include="shaders\VTeeth.glsl">
      <Filter>Shader</Filter>
    </None>
    <None Include="shaders\FTeeth.glsl">
      <Filter>Shader</Filter>
    </None>
    <None Include="shaders\VEye.glsl" />
    <None Include="shaders\FEye.glsl" />
    <None Include="shaders\VJoint.glsl" />
    <None Include="shaders\FJoint.glsl" />
    <None Include="shaders\GHair.glsl" />
    <None Include="shaders\FCollectible.glsl" />
    <None Include="shaders\FFullScreenQuad.glsl" />
    <None Include="shaders\FGizmo.glsl" />
    <None Include="shaders\FPlayer.glsl" />
    <None Include="shaders\VCollectible.glsl" />
    <None Include="shaders\VFullScreenQuad.glsl" />
    <None Include="shaders\VGizmo.glsl" />
    <None Include="shaders\VPlayer.glsl" />
    <None Include="packages.config" />
    <None Include="vcpkg.json" />
    <None Include="vcpkg-configuration.json" />
    <None Include=".gitignore" />
    <None Include="shaders\VBasic.glsl" />
    <None Include="shaders\FBasic.glsl" />
  </ItemGroup>
  <ItemGroup>
    <Xml Include="input\Transformationen.xml" />
  </ItemGroup>
  <ItemGroup>
    <Image Include="input\Texturen\SkinUV.png">
      <Filter>Ressourcendateien</Filter>
    </Image>
    <Image Include="input\Texturen\SkinTex_AO.jpg">
      <Filter>Ressourcendateien</Filter>
    </Image>
    <Image Include="input\Texturen\SkinTex_Decal.jpg">
      <Filter>Ressourcendateien</Filter>
    </Image>
    <Image Include="input\Texturen\SkinTex_Gloss.jpg">
      <Filter>Ressourcendateien</Filter>
    </Image>
    <Image Include="input\Texturen\EyeTex_Decal03.jpg">
      <Filter>Ressourcendateien</Filter>
    </Image>
    <Image Include="input\Texturen\EyesUV.png">
      <Filter>Ressourcendateien</Filter>
    </Image>
    <Image Include="input\Texturen\EyeTex_Decal00.jpg">
      <Filter>Ressourcendateien</Filter>
    </Image>
    <Image Include="input\Texturen\EyeTex_Decal01.jpg">
      <Filter>Ressourcendateien</Filter>
    </Image>
    <Image Include="input\Texturen\EyeTex_Decal02.jpg">
      <Filter>Ressourcendateien</Filter>
    </Image>
  </ItemGroup>
</Project>